
Microsoft Visual Studio Solution File, Format Version 12.00
# Visual Studio Version 17
VisualStudioVersion = 17.0.31903.59
MinimumVisualStudioVersion = 10.0.40219.1
Project("{FAE04EC0-301F-11D3-BF4B-00C04F79EFBC}") = "dynamicDNSTest", "dynamicDNSTest\dynamicDNSTest.csproj", "{8718CD47-B1C9-4C9D-B661-12CB5C082E27}"
EndProject
Global
	GlobalSection(SolutionConfigurationPlatforms) = preSolution
		Debug|Any CPU = Debug|Any CPU
		Release|Any CPU = Release|Any CPU
	EndGlobalSection
	GlobalSection(ProjectConfigurationPlatforms) = postSolution
		{8718CD47-B1C9-4C9D-B661-12CB5C082E27}.Debug|Any CPU.ActiveCfg = Debug|Any CPU
		{8718CD47-B1C9-4C9D-B661-12CB5C082E27}.Debug|Any CPU.Build.0 = Debug|Any CPU
		{8718CD47-B1C9-4C9D-B661-12CB5C082E27}.Release|Any CPU.ActiveCfg = Release|Any CPU
		{8718CD47-B1C9-4C9D-B661-12CB5C082E27}.Release|Any CPU.Build.0 = Release|Any CPU
	EndGlobalSection
	GlobalSection(SolutionProperties) = preSolution
		HideSolutionNode = FALSE
	EndGlobalSection
	GlobalSection(ExtensibilityGlobals) = postSolution
		SolutionGuid = {5190581E-C625-43A1-A47F-243BEC6539C1}
	EndGlobalSection
EndGlobal
